Microsoft Visual Studio Solution File, Format Version 12.00
# Visual Studio Version 17
VisualStudioVersion = 17.5.2.0
MinimumVisualStudioVersion = 10.0.40219.1
Project("{FAE04EC0-301F-11D3-BF4B-00C04F79EFBC}") = "MyFirstMVC", "MyFirstMVC.csproj", "{687E8A37-5E79-2528-4069-AC684C3ADD69}"
EndProject
Global
	GlobalSection(SolutionConfigurationPlatforms) = preSolution
		Debug|Any CPU = Debug|Any CPU
		Release|Any CPU = Release|Any CPU
	EndGlobalSection
	GlobalSection(ProjectConfigurationPlatforms) = postSolution
		{687E8A37-5E79-2528-4069-AC684C3ADD69}.Debug|Any CPU.ActiveCfg = Debug|Any CPU
		{687E8A37-5E79-2528-4069-AC684C3ADD69}.Debug|Any CPU.Build.0 = Debug|Any CPU
		{687E8A37-5E79-2528-4069-AC684C3ADD69}.Release|Any CPU.ActiveCfg = Release|Any CPU
		{687E8A37-5E79-2528-4069-AC684C3ADD69}.Release|Any CPU.Build.0 = Release|Any CPU
	EndGlobalSection
	GlobalSection(SolutionProperties) = preSolution
		HideSolutionNode = FALSE
	EndGlobalSection
	GlobalSection(ExtensibilityGlobals) = postSolution
		SolutionGuid = {F561E2E3-57F5-4AAD-9480-791962DF74ED}
	EndGlobalSection
EndGlobal
